
Microsoft Visual Studio Solution File, Format Version 12.00
# Visual Studio Version 17
Project("{8BC9CEB8-8B4A-11D0-8D11-00A0C91BC942}") = "ALL_BUILD", "ALL_BUILD.vcxproj", "{CEDCF15A-0209-3C0A-8028-C2206C3711D4}"
	ProjectSection(ProjectDependencies) = postProject
		{65F291F0-680D-304A-9DBE-5D2929BB31F3} = {65F291F0-680D-304A-9DBE-5D2929BB31F3}
		{46321393-012A-3D10-A229-C2F1BBDD2B73} = {46321393-012A-3D10-A229-C2F1BBDD2B73}
	EndProjectSection
EndProject
Project("{8BC9CEB8-8B4A-11D0-8D11-00A0C91BC942}") = "RenegadeVRXRHost", "RenegadeVRXRHost.vcxproj", "{65F291F0-680D-304A-9DBE-5D2929BB31F3}"
	ProjectSection(ProjectDependencies) = postProject
		{46321393-012A-3D10-A229-C2F1BBDD2B73} = {46321393-012A-3D10-A229-C2F1BBDD2B73}
	EndProjectSection
EndProject
Project("{8BC9CEB8-8B4A-11D0-8D11-00A0C91BC942}") = "ZERO_CHECK", "ZERO_CHECK.vcxproj", "{46321393-012A-3D10-A229-C2F1BBDD2B73}"
	ProjectSection(ProjectDependencies) = postProject
	EndProjectSection
EndProject
Global
	GlobalSection(SolutionConfigurationPlatforms) = preSolution
		Debug|x64 = Debug|x64
		Release|x64 = Release|x64
		MinSizeRel|x64 = MinSizeRel|x64
		RelWithDebInfo|x64 = RelWithDebInfo|x64
	EndGlobalSection
	GlobalSection(ProjectConfigurationPlatforms) = postSolution
		{CEDCF15A-0209-3C0A-8028-C2206C3711D4}.Debug|x64.ActiveCfg = Debug|x64
		{CEDCF15A-0209-3C0A-8028-C2206C3711D4}.Release|x64.ActiveCfg = Release|x64
		{CEDCF15A-0209-3C0A-8028-C2206C3711D4}.MinSizeRel|x64.ActiveCfg = MinSizeRel|x64
		{CEDCF15A-0209-3C0A-8028-C2206C3711D4}.RelWithDebInfo|x64.ActiveCfg = RelWithDebInfo|x64
		{65F291F0-680D-304A-9DBE-5D2929BB31F3}.Debug|x64.ActiveCfg = Debug|x64
		{65F291F0-680D-304A-9DBE-5D2929BB31F3}.Debug|x64.Build.0 = Debug|x64
		{65F291F0-680D-304A-9DBE-5D2929BB31F3}.Release|x64.ActiveCfg = Release|x64
		{65F291F0-680D-304A-9DBE-5D2929BB31F3}.Release|x64.Build.0 = Release|x64
		{65F291F0-680D-304A-9DBE-5D2929BB31F3}.MinSizeRel|x64.ActiveCfg = MinSizeRel|x64
		{65F291F0-680D-304A-9DBE-5D2929BB31F3}.MinSizeRel|x64.Build.0 = MinSizeRel|x64
		{65F291F0-680D-304A-9DBE-5D2929BB31F3}.RelWithDebInfo|x64.ActiveCfg = RelWithDebInfo|x64
		{65F291F0-680D-304A-9DBE-5D2929BB31F3}.RelWithDebInfo|x64.Build.0 = RelWithDebInfo|x64
		{46321393-012A-3D10-A229-C2F1BBDD2B73}.Debug|x64.ActiveCfg = Debug|x64
		{46321393-012A-3D10-A229-C2F1BBDD2B73}.Debug|x64.Build.0 = Debug|x64
		{46321393-012A-3D10-A229-C2F1BBDD2B73}.Release|x64.ActiveCfg = Release|x64
		{46321393-012A-3D10-A229-C2F1BBDD2B73}.Release|x64.Build.0 = Release|x64
		{46321393-012A-3D10-A229-C2F1BBDD2B73}.MinSizeRel|x64.ActiveCfg = MinSizeRel|x64
		{46321393-012A-3D10-A229-C2F1BBDD2B73}.MinSizeRel|x64.Build.0 = MinSizeRel|x64
		{46321393-012A-3D10-A229-C2F1BBDD2B73}.RelWithDebInfo|x64.ActiveCfg = RelWithDebInfo|x64
		{46321393-012A-3D10-A229-C2F1BBDD2B73}.RelWithDebInfo|x64.Build.0 = RelWithDebInfo|x64
	EndGlobalSection
	GlobalSection(ExtensibilityGlobals) = postSolution
		SolutionGuid = {EA2BC81B-054C-32B7-8CED-2173178E59B2}
	EndGlobalSection
	GlobalSection(ExtensibilityAddIns) = postSolution
	EndGlobalSection
EndGlobal
